
Microsoft Visual Studio Solution File, Format Version 12.00
# Visual Studio Version 17
VisualStudioVersion = 17.11.35312.102
MinimumVisualStudioVersion = 10.0.40219.1
Project("{FAE04EC0-301F-11D3-BF4B-00C04F79EFBC}") = "CrudApi", "CrudApi\CrudApi.csproj", "{0C887E13-734A-47BB-81B5-4DB5CDB37938}"
EndProject
Global
	GlobalSection(SolutionConfigurationPlatforms) = preSolution
		Debug|Any CPU = Debug|Any CPU
		Release|Any CPU = Release|Any CPU
	EndGlobalSection
	GlobalSection(ProjectConfigurationPlatforms) = postSolution
		{0C887E13-734A-47BB-81B5-4DB5CDB37938}.Debug|Any CPU.ActiveCfg = Debug|Any CPU
		{0C887E13-734A-47BB-81B5-4DB5CDB37938}.Debug|Any CPU.Build.0 = Debug|Any CPU
		{0C887E13-734A-47BB-81B5-4DB5CDB37938}.Release|Any CPU.ActiveCfg = Release|Any CPU
		{0C887E13-734A-47BB-81B5-4DB5CDB37938}.Release|Any CPU.Build.0 = Release|Any CPU
	EndGlobalSection
	GlobalSection(SolutionProperties) = preSolution
		HideSolutionNode = FALSE
	EndGlobalSection
	GlobalSection(ExtensibilityGlobals) = postSolution
		SolutionGuid = {93545781-2285-462A-B07D-D415A9306FDF}
	EndGlobalSection
EndGlobal
